// !$*UTF8*$!
{
	archiveVersion = 1;
	classes = {
	};
	objectVersion = 56;
	objects = {

/* Begin PBXBuildFile section */
		351AD9B08D27346909AD3E37 /* Pods_FindYourDogTests.framework in Frameworks */ = {isa = PBXBuildFile; fileRef = 0315C3F7491947EC1D1A8A2C /* Pods_FindYourDogTests.framework */; };
		4DB17F54F20391BCE28E82F7 /* Pods_FindYourDog.framework in Frameworks */ = {isa = PBXBuildFile; fileRef = 680BA7AE7B23A433FF54D961 /* Pods_FindYourDog.framework */; };
		C46224032AA6583300D67482 /* FindYourDogApp.swift in Sources */ = {isa = PBXBuildFile; fileRef = C46224022AA6583300D67482 /* FindYourDogApp.swift */; };
		C46224072AA6583500D67482 /* Assets.xcassets in Resources */ = {isa = PBXBuildFile; fileRef = C46224062AA6583500D67482 /* Assets.xcassets */; };
		C462240A2AA6583500D67482 /* Preview Assets.xcassets in Resources */ = {isa = PBXBuildFile; fileRef = C46224092AA6583500D67482 /* Preview Assets.xcassets */; };
		C46224142AA6583500D67482 /* FindYourDogTests.swift in Sources */ = {isa = PBXBuildFile; fileRef = C46224132AA6583500D67482 /* FindYourDogTests.swift */; };
		C462241E2AA6583500D67482 /* FindYourDogUITests.swift in Sources */ = {isa = PBXBuildFile; fileRef = C462241D2AA6583500D67482 /* FindYourDogUITests.swift */; };
		C46224202AA6583500D67482 /* FindYourDogUITestsLaunchTests.swift in Sources */ = {isa = PBXBuildFile; fileRef = C462241F2AA6583500D67482 /* FindYourDogUITestsLaunchTests.swift */; };
		C462242E2AA6698000D67482 /* MainView.swift in Sources */ = {isa = PBXBuildFile; fileRef = C462242D2AA6698000D67482 /* MainView.swift */; };
		C46224312AA66AB500D67482 /* API.swift in Sources */ = {isa = PBXBuildFile; fileRef = C46224302AA66AB500D67482 /* API.swift */; };
		C46224372AA66C3900D67482 /* BreedModel.swift in Sources */ = {isa = PBXBuildFile; fileRef = C46224362AA66C3900D67482 /* BreedModel.swift */; };
		C46224392AA66C6200D67482 /* BreedsView.swift in Sources */ = {isa = PBXBuildFile; fileRef = C46224382AA66C6200D67482 /* BreedsView.swift */; };
		C462243B2AA66CAE00D67482 /* BreedVM.swift in Sources */ = {isa = PBXBuildFile; fileRef = C462243A2AA66CAE00D67482 /* BreedVM.swift */; };
		C462243D2AA66D8A00D67482 /* BreedPersistence.swift in Sources */ = {isa = PBXBuildFile; fileRef = C462243C2AA66D8A00D67482 /* BreedPersistence.swift */; };
		C462243F2AA66DE400D67482 /* LoadingView.swift in Sources */ = {isa = PBXBuildFile; fileRef = C462243E2AA66DE400D67482 /* LoadingView.swift */; };
		C46224412AA66E2F00D67482 /* BreedGridViewRow.swift in Sources */ = {isa = PBXBuildFile; fileRef = C46224402AA66E2F00D67482 /* BreedGridViewRow.swift */; };
		C46224432AA66E7E00D67482 /* BreedImageLoaderView.swift in Sources */ = {isa = PBXBuildFile; fileRef = C46224422AA66E7E00D67482 /* BreedImageLoaderView.swift */; };
		C46224452AA66EF100D67482 /* AsyncImageView.swift in Sources */ = {isa = PBXBuildFile; fileRef = C46224442AA66EF100D67482 /* AsyncImageView.swift */; };
		C462244C2AA6700600D67482 /* BreedDetailVM.swift in Sources */ = {isa = PBXBuildFile; fileRef = C462244B2AA6700600D67482 /* BreedDetailVM.swift */; };
		C462244E2AA6701C00D67482 /* BreedDetailView.swift in Sources */ = {isa = PBXBuildFile; fileRef = C462244D2AA6701C00D67482 /* BreedDetailView.swift */; };
		C46224502AA6704800D67482 /* BreedDetailRow.swift in Sources */ = {isa = PBXBuildFile; fileRef = C462244F2AA6704800D67482 /* BreedDetailRow.swift */; };
		C46224522AA6845000D67482 /* BreedListViewRow.swift in Sources */ = {isa = PBXBuildFile; fileRef = C46224512AA6845000D67482 /* BreedListViewRow.swift */; };
		C46224532AA68ACA00D67482 /* BreedsView.swift in Sources */ = {isa = PBXBuildFile; fileRef = C46224382AA66C6200D67482 /* BreedsView.swift */; };
		C46224552AA6A1E900D67482 /* ToggleButton.swift in Sources */ = {isa = PBXBuildFile; fileRef = C46224542AA6A1E900D67482 /* ToggleButton.swift */; };
		C46224572AA7312000D67482 /* BreedGridView.swift in Sources */ = {isa = PBXBuildFile; fileRef = C46224562AA7312000D67482 /* BreedGridView.swift */; };
		C46224592AA7316000D67482 /* BreedListView.swift in Sources */ = {isa = PBXBuildFile; fileRef = C46224582AA7316000D67482 /* BreedListView.swift */; };
		C462245B2AA742F200D67482 /* BreedToggleButton.swift in Sources */ = {isa = PBXBuildFile; fileRef = C462245A2AA742F100D67482 /* BreedToggleButton.swift */; };
		C462245D2AA74D5A00D67482 /* ToggleSortButton.swift in Sources */ = {isa = PBXBuildFile; fileRef = C462245C2AA74D5A00D67482 /* ToggleSortButton.swift */; };
		C46224632AA764E100D67482 /* SearchView.swift in Sources */ = {isa = PBXBuildFile; fileRef = C46224622AA764E100D67482 /* SearchView.swift */; };
		C46224652AA7732B00D67482 /* GridView.swift in Sources */ = {isa = PBXBuildFile; fileRef = C46224642AA7732B00D67482 /* GridView.swift */; };
		C46224672AA7737600D67482 /* GridViewRow.swift in Sources */ = {isa = PBXBuildFile; fileRef = C46224662AA7737600D67482 /* GridViewRow.swift */; };
		F11A0A1DC450DBADA68F05DF /* Pods_FindYourDog_FindYourDogUITests.framework in Frameworks */ = {isa = PBXBuildFile; fileRef = 48CD368A7EABD68A281FBC36 /* Pods_FindYourDog_FindYourDogUITests.framework */; };
/* End PBXBuildFile section */

/* Begin PBXContainerItemProxy section */
		C46224102AA6583500D67482 /* PBXContainerItemProxy */ = {
			isa = PBXContainerItemProxy;
			containerPortal = C46223F72AA6583300D67482 /* Project object */;
			proxyType = 1;
			remoteGlobalIDString = C46223FE2AA6583300D67482;
			remoteInfo = FindYourDog;
		};
		C462241A2AA6583500D67482 /* PBXContainerItemProxy */ = {
			isa = PBXContainerItemProxy;
			containerPortal = C46223F72AA6583300D67482 /* Project object */;
			proxyType = 1;
			remoteGlobalIDString = C46223FE2AA6583300D67482;
			remoteInfo = FindYourDog;
		};
/* End PBXContainerItemProxy section */

/* Begin PBXFileReference section */
		0315C3F7491947EC1D1A8A2C /* Pods_FindYourDogTests.framework */ = {isa = PBXFileReference; explicitFileType = wrapper.framework; includeInIndex = 0; path = Pods_FindYourDogTests.framework; sourceTree = BUILT_PRODUCTS_DIR; };
		05629944FBA445E13D1A054C /* Pods-FindYourDog-FindYourDogUITests.debug.xcconfig */ = {isa = PBXFileReference; includeInIndex = 1; lastKnownFileType = text.xcconfig; name = "Pods-FindYourDog-FindYourDogUITests.debug.xcconfig"; path = "Target Support Files/Pods-FindYourDog-FindYourDogUITests/Pods-FindYourDog-FindYourDogUITests.debug.xcconfig"; sourceTree = "<group>"; };
		09BC8D406908D8DFDADA156D /* Pods-FindYourDog.debug.xcconfig */ = {isa = PBXFileReference; includeInIndex = 1; lastKnownFileType = text.xcconfig; name = "Pods-FindYourDog.debug.xcconfig"; path = "Target Support Files/Pods-FindYourDog/Pods-FindYourDog.debug.xcconfig"; sourceTree = "<group>"; };
		12C4E1BA4095B83A64AE2B47 /* Pods-FindYourDog-FindYourDogUITests.release.xcconfig */ = {isa = PBXFileReference; includeInIndex = 1; lastKnownFileType = text.xcconfig; name = "Pods-FindYourDog-FindYourDogUITests.release.xcconfig"; path = "Target Support Files/Pods-FindYourDog-FindYourDogUITests/Pods-FindYourDog-FindYourDogUITests.release.xcconfig"; sourceTree = "<group>"; };
		17F4BC17C45144CF60D2A2A9 /* Pods-FindYourDog.release.xcconfig */ = {isa = PBXFileReference; includeInIndex = 1; lastKnownFileType = text.xcconfig; name = "Pods-FindYourDog.release.xcconfig"; path = "Target Support Files/Pods-FindYourDog/Pods-FindYourDog.release.xcconfig"; sourceTree = "<group>"; };
		48CD368A7EABD68A281FBC36 /* Pods_FindYourDog_FindYourDogUITests.framework */ = {isa = PBXFileReference; explicitFileType = wrapper.framework; includeInIndex = 0; path = Pods_FindYourDog_FindYourDogUITests.framework; sourceTree = BUILT_PRODUCTS_DIR; };
		680BA7AE7B23A433FF54D961 /* Pods_FindYourDog.framework */ = {isa = PBXFileReference; explicitFileType = wrapper.framework; includeInIndex = 0; path = Pods_FindYourDog.framework; sourceTree = BUILT_PRODUCTS_DIR; };
		721709F54B7AA5DB5D3A49FB /* Pods-FindYourDogTests.release.xcconfig */ = {isa = PBXFileReference; includeInIndex = 1; lastKnownFileType = text.xcconfig; name = "Pods-FindYourDogTests.release.xcconfig"; path = "Target Support Files/Pods-FindYourDogTests/Pods-FindYourDogTests.release.xcconfig"; sourceTree = "<group>"; };
		9661621BC2577C472DB9891F /* Pods-FindYourDogTests.debug.xcconfig */ = {isa = PBXFileReference; includeInIndex = 1; lastKnownFileType = text.xcconfig; name = "Pods-FindYourDogTests.debug.xcconfig"; path = "Target Support Files/Pods-FindYourDogTests/Pods-FindYourDogTests.debug.xcconfig"; sourceTree = "<group>"; };
		C46223FF2AA6583300D67482 /* FindYourDog.app */ = {isa = PBXFileReference; explicitFileType = wrapper.application; includeInIndex = 0; path = FindYourDog.app; sourceTree = BUILT_PRODUCTS_DIR; };
		C46224022AA6583300D67482 /* FindYourDogApp.swift */ = {isa = PBXFileReference; lastKnownFileType = sourcecode.swift; path = FindYourDogApp.swift; sourceTree = "<group>"; };
		C46224062AA6583500D67482 /* Assets.xcassets */ = {isa = PBXFileReference; lastKnownFileType = folder.assetcatalog; path = Assets.xcassets; sourceTree = "<group>"; };
		C46224092AA6583500D67482 /* Preview Assets.xcassets */ = {isa = PBXFileReference; lastKnownFileType = folder.assetcatalog; path = "Preview Assets.xcassets"; sourceTree = "<group>"; };
		C462240F2AA6583500D67482 /* FindYourDogTests.xctest */ = {isa = PBXFileReference; explicitFileType = wrapper.cfbundle; includeInIndex = 0; path = FindYourDogTests.xctest; sourceTree = BUILT_PRODUCTS_DIR; };
		C46224132AA6583500D67482 /* FindYourDogTests.swift */ = {isa = PBXFileReference; lastKnownFileType = sourcecode.swift; path = FindYourDogTests.swift; sourceTree = "<group>"; };
		C46224192AA6583500D67482 /* FindYourDogUITests.xctest */ = {isa = PBXFileReference; explicitFileType = wrapper.cfbundle; includeInIndex = 0; path = FindYourDogUITests.xctest; sourceTree = BUILT_PRODUCTS_DIR; };
		C462241D2AA6583500D67482 /* FindYourDogUITests.swift */ = {isa = PBXFileReference; lastKnownFileType = sourcecode.swift; path = FindYourDogUITests.swift; sourceTree = "<group>"; };
		C462241F2AA6583500D67482 /* FindYourDogUITestsLaunchTests.swift */ = {isa = PBXFileReference; lastKnownFileType = sourcecode.swift; path = FindYourDogUITestsLaunchTests.swift; sourceTree = "<group>"; };
		C462242D2AA6698000D67482 /* MainView.swift */ = {isa = PBXFileReference; lastKnownFileType = sourcecode.swift; path = MainView.swift; sourceTree = "<group>"; };
		C46224302AA66AB500D67482 /* API.swift */ = {isa = PBXFileReference; lastKnownFileType = sourcecode.swift; path = API.swift; sourceTree = "<group>"; };
		C46224362AA66C3900D67482 /* BreedModel.swift */ = {isa = PBXFileReference; lastKnownFileType = sourcecode.swift; path = BreedModel.swift; sourceTree = "<group>"; };
		C46224382AA66C6200D67482 /* BreedsView.swift */ = {isa = PBXFileReference; lastKnownFileType = sourcecode.swift; path = BreedsView.swift; sourceTree = "<group>"; };
		C462243A2AA66CAE00D67482 /* BreedVM.swift */ = {isa = PBXFileReference; lastKnownFileType = sourcecode.swift; path = BreedVM.swift; sourceTree = "<group>"; };
		C462243C2AA66D8A00D67482 /* BreedPersistence.swift */ = {isa = PBXFileReference; lastKnownFileType = sourcecode.swift; path = BreedPersistence.swift; sourceTree = "<group>"; };
		C462243E2AA66DE400D67482 /* LoadingView.swift */ = {isa = PBXFileReference; lastKnownFileType = sourcecode.swift; path = LoadingView.swift; sourceTree = "<group>"; };
		C46224402AA66E2F00D67482 /* BreedGridViewRow.swift */ = {isa = PBXFileReference; lastKnownFileType = sourcecode.swift; path = BreedGridViewRow.swift; sourceTree = "<group>"; };
		C46224422AA66E7E00D67482 /* BreedImageLoaderView.swift */ = {isa = PBXFileReference; lastKnownFileType = sourcecode.swift; path = BreedImageLoaderView.swift; sourceTree = "<group>"; };
		C46224442AA66EF100D67482 /* AsyncImageView.swift */ = {isa = PBXFileReference; lastKnownFileType = sourcecode.swift; path = AsyncImageView.swift; sourceTree = "<group>"; };
		C462244B2AA6700600D67482 /* BreedDetailVM.swift */ = {isa = PBXFileReference; lastKnownFileType = sourcecode.swift; path = BreedDetailVM.swift; sourceTree = "<group>"; };
		C462244D2AA6701C00D67482 /* BreedDetailView.swift */ = {isa = PBXFileReference; lastKnownFileType = sourcecode.swift; path = BreedDetailView.swift; sourceTree = "<group>"; };
		C462244F2AA6704800D67482 /* BreedDetailRow.swift */ = {isa = PBXFileReference; lastKnownFileType = sourcecode.swift; path = BreedDetailRow.swift; sourceTree = "<group>"; };
		C46224512AA6845000D67482 /* BreedListViewRow.swift */ = {isa = PBXFileReference; lastKnownFileType = sourcecode.swift; path = BreedListViewRow.swift; sourceTree = "<group>"; };
		C46224542AA6A1E900D67482 /* ToggleButton.swift */ = {isa = PBXFileReference; lastKnownFileType = sourcecode.swift; path = ToggleButton.swift; sourceTree = "<group>"; };
		C46224562AA7312000D67482 /* BreedGridView.swift */ = {isa = PBXFileReference; lastKnownFileType = sourcecode.swift; path = BreedGridView.swift; sourceTree = "<group>"; };
		C46224582AA7316000D67482 /* BreedListView.swift */ = {isa = PBXFileReference; lastKnownFileType = sourcecode.swift; path = BreedListView.swift; sourceTree = "<group>"; };
		C462245A2AA742F100D67482 /* BreedToggleButton.swift */ = {isa = PBXFileReference; lastKnownFileType = sourcecode.swift; path = BreedToggleButton.swift; sourceTree = "<group>"; };
		C462245C2AA74D5A00D67482 /* ToggleSortButton.swift */ = {isa = PBXFileReference; lastKnownFileType = sourcecode.swift; path = ToggleSortButton.swift; sourceTree = "<group>"; };
		C46224622AA764E100D67482 /* SearchView.swift */ = {isa = PBXFileReference; lastKnownFileType = sourcecode.swift; path = SearchView.swift; sourceTree = "<group>"; };
		C46224642AA7732B00D67482 /* GridView.swift */ = {isa = PBXFileReference; lastKnownFileType = sourcecode.swift; path = GridView.swift; sourceTree = "<group>"; };
		C46224662AA7737600D67482 /* GridViewRow.swift */ = {isa = PBXFileReference; lastKnownFileType = sourcecode.swift; path = GridViewRow.swift; sourceTree = "<group>"; };
/* End PBXFileReference section */

/* Begin PBXFrameworksBuildPhase section */
		C46223FC2AA6583300D67482 /* Frameworks */ = {
			isa = PBXFrameworksBuildPhase;
			buildActionMask = 2147483647;
			files = (
				4DB17F54F20391BCE28E82F7 /* Pods_FindYourDog.framework in Frameworks */,
			);
			runOnlyForDeploymentPostprocessing = 0;
		};
		C462240C2AA6583500D67482 /* Frameworks */ = {
			isa = PBXFrameworksBuildPhase;
			buildActionMask = 2147483647;
			files = (
				351AD9B08D27346909AD3E37 /* Pods_FindYourDogTests.framework in Frameworks */,
			);
			runOnlyForDeploymentPostprocessing = 0;
		};
		C46224162AA6583500D67482 /* Frameworks */ = {
			isa = PBXFrameworksBuildPhase;
			buildActionMask = 2147483647;
			files = (
				F11A0A1DC450DBADA68F05DF /* Pods_FindYourDog_FindYourDogUITests.framework in Frameworks */,
			);
			runOnlyForDeploymentPostprocessing = 0;
		};
/* End PBXFrameworksBuildPhase section */

/* Begin PBXGroup section */
		34203DC6E295C20E48E26D12 /* Frameworks */ = {
			isa = PBXGroup;
			children = (
				680BA7AE7B23A433FF54D961 /* Pods_FindYourDog.framework */,
				48CD368A7EABD68A281FBC36 /* Pods_FindYourDog_FindYourDogUITests.framework */,
				0315C3F7491947EC1D1A8A2C /* Pods_FindYourDogTests.framework */,
			);
			name = Frameworks;
			sourceTree = "<group>";
		};
		83A32842225AC20AB383F46D /* Pods */ = {
			isa = PBXGroup;
			children = (
				09BC8D406908D8DFDADA156D /* Pods-FindYourDog.debug.xcconfig */,
				17F4BC17C45144CF60D2A2A9 /* Pods-FindYourDog.release.xcconfig */,
				05629944FBA445E13D1A054C /* Pods-FindYourDog-FindYourDogUITests.debug.xcconfig */,
				12C4E1BA4095B83A64AE2B47 /* Pods-FindYourDog-FindYourDogUITests.release.xcconfig */,
				9661621BC2577C472DB9891F /* Pods-FindYourDogTests.debug.xcconfig */,
				721709F54B7AA5DB5D3A49FB /* Pods-FindYourDogTests.release.xcconfig */,
			);
			path = Pods;
			sourceTree = "<group>";
		};
		C46223F62AA6583300D67482 = {
			isa = PBXGroup;
			children = (
				C46224012AA6583300D67482 /* FindYourDog */,
				C46224122AA6583500D67482 /* FindYourDogTests */,
				C462241C2AA6583500D67482 /* FindYourDogUITests */,
				C46224002AA6583300D67482 /* Products */,
				83A32842225AC20AB383F46D /* Pods */,
				34203DC6E295C20E48E26D12 /* Frameworks */,
			);
			sourceTree = "<group>";
		};
		C46224002AA6583300D67482 /* Products */ = {
			isa = PBXGroup;
			children = (
				C46223FF2AA6583300D67482 /* FindYourDog.app */,
				C462240F2AA6583500D67482 /* FindYourDogTests.xctest */,
				C46224192AA6583500D67482 /* FindYourDogUITests.xctest */,
			);
			name = Products;
			sourceTree = "<group>";
		};
		C46224012AA6583300D67482 /* FindYourDog */ = {
			isa = PBXGroup;
			children = (
				C462245E2AA764AC00D67482 /* Search */,
				C46224322AA66BD300D67482 /* Breeds */,
				C46224482AA66FB500D67482 /* BreedDetail */,
				C462242F2AA66A9F00D67482 /* Components */,
				C462242C2AA6696F00D67482 /* Main */,
				C46224022AA6583300D67482 /* FindYourDogApp.swift */,
				C46224062AA6583500D67482 /* Assets.xcassets */,
				C46224082AA6583500D67482 /* Preview Content */,
			);
			path = FindYourDog;
			sourceTree = "<group>";
		};
		C46224082AA6583500D67482 /* Preview Content */ = {
			isa = PBXGroup;
			children = (
				C46224092AA6583500D67482 /* Preview Assets.xcassets */,
			);
			path = "Preview Content";
			sourceTree = "<group>";
		};
		C46224122AA6583500D67482 /* FindYourDogTests */ = {
			isa = PBXGroup;
			children = (
				C46224132AA6583500D67482 /* FindYourDogTests.swift */,
			);
			path = FindYourDogTests;
			sourceTree = "<group>";
		};
		C462241C2AA6583500D67482 /* FindYourDogUITests */ = {
			isa = PBXGroup;
			children = (
				C462241D2AA6583500D67482 /* FindYourDogUITests.swift */,
				C462241F2AA6583500D67482 /* FindYourDogUITestsLaunchTests.swift */,
			);
			path = FindYourDogUITests;
			sourceTree = "<group>";
		};
		C462242C2AA6696F00D67482 /* Main */ = {
			isa = PBXGroup;
			children = (
				C462242D2AA6698000D67482 /* MainView.swift */,
			);
			path = Main;
			sourceTree = "<group>";
		};
		C462242F2AA66A9F00D67482 /* Components */ = {
			isa = PBXGroup;
			children = (
				C46224442AA66EF100D67482 /* AsyncImageView.swift */,
				C46224302AA66AB500D67482 /* API.swift */,
				C462243C2AA66D8A00D67482 /* BreedPersistence.swift */,
				C462243E2AA66DE400D67482 /* LoadingView.swift */,
				C46224542AA6A1E900D67482 /* ToggleButton.swift */,
				C462245C2AA74D5A00D67482 /* ToggleSortButton.swift */,
			);
			path = Components;
			sourceTree = "<group>";
		};
		C46224322AA66BD300D67482 /* Breeds */ = {
			isa = PBXGroup;
			children = (
				C46224332AA66BDC00D67482 /* Model */,
				C46224342AA66BE200D67482 /* View */,
				C46224352AA66BE800D67482 /* ViewModel */,
			);
			path = Breeds;
			sourceTree = "<group>";
		};
		C46224332AA66BDC00D67482 /* Model */ = {
			isa = PBXGroup;
			children = (
				C46224362AA66C3900D67482 /* BreedModel.swift */,
			);
			path = Model;
			sourceTree = "<group>";
		};
		C46224342AA66BE200D67482 /* View */ = {
			isa = PBXGroup;
			children = (
				C46224382AA66C6200D67482 /* BreedsView.swift */,
				C46224562AA7312000D67482 /* BreedGridView.swift */,
				C46224402AA66E2F00D67482 /* BreedGridViewRow.swift */,
				C46224582AA7316000D67482 /* BreedListView.swift */,
				C46224512AA6845000D67482 /* BreedListViewRow.swift */,
				C46224422AA66E7E00D67482 /* BreedImageLoaderView.swift */,
				C462245A2AA742F100D67482 /* BreedToggleButton.swift */,
			);
			path = View;
			sourceTree = "<group>";
		};
		C46224352AA66BE800D67482 /* ViewModel */ = {
			isa = PBXGroup;
			children = (
				C462243A2AA66CAE00D67482 /* BreedVM.swift */,
			);
			path = ViewModel;
			sourceTree = "<group>";
		};
		C46224482AA66FB500D67482 /* BreedDetail */ = {
			isa = PBXGroup;
			children = (
				C462244A2AA66FF300D67482 /* View */,
				C46224492AA66FE400D67482 /* ViewModel */,
			);
			path = BreedDetail;
			sourceTree = "<group>";
		};
		C46224492AA66FE400D67482 /* ViewModel */ = {
			isa = PBXGroup;
			children = (
				C462244B2AA6700600D67482 /* BreedDetailVM.swift */,
			);
			path = ViewModel;
			sourceTree = "<group>";
		};
		C462244A2AA66FF300D67482 /* View */ = {
			isa = PBXGroup;
			children = (
				C462244D2AA6701C00D67482 /* BreedDetailView.swift */,
				C462244F2AA6704800D67482 /* BreedDetailRow.swift */,
			);
			path = View;
			sourceTree = "<group>";
		};
		C462245E2AA764AC00D67482 /* Search */ = {
			isa = PBXGroup;
			children = (
				C46224612AA764CA00D67482 /* ViewModel */,
				C46224602AA764C300D67482 /* View */,
				C462245F2AA764B900D67482 /* Model */,
			);
			path = Search;
			sourceTree = "<group>";
		};
		C462245F2AA764B900D67482 /* Model */ = {
			isa = PBXGroup;
			children = (
			);
			path = Model;
			sourceTree = "<group>";
		};
		C46224602AA764C300D67482 /* View */ = {
			isa = PBXGroup;
			children = (
				C46224622AA764E100D67482 /* SearchView.swift */,
				C46224642AA7732B00D67482 /* GridView.swift */,
				C46224662AA7737600D67482 /* GridViewRow.swift */,
			);
			path = View;
			sourceTree = "<group>";
		};
		C46224612AA764CA00D67482 /* ViewModel */ = {
			isa = PBXGroup;
			children = (
			);
			path = ViewModel;
			sourceTree = "<group>";
		};
/* End PBXGroup section */

/* Begin PBXNativeTarget section */
		C46223FE2AA6583300D67482 /* FindYourDog */ = {
			isa = PBXNativeTarget;
			buildConfigurationList = C46224232AA6583500D67482 /* Build configuration list for PBXNativeTarget "FindYourDog" */;
			buildPhases = (
				6EBE338B4994EF10DC525178 /* [CP] Check Pods Manifest.lock */,
				C46223FB2AA6583300D67482 /* Sources */,
				C46223FC2AA6583300D67482 /* Frameworks */,
				C46223FD2AA6583300D67482 /* Resources */,
				B2A04BC2976C4D5874D8A1B9 /* [CP] Embed Pods Frameworks */,
			);
			buildRules = (
			);
			dependencies = (
			);
			name = FindYourDog;
			productName = FindYourDog;
			productReference = C46223FF2AA6583300D67482 /* FindYourDog.app */;
			productType = "com.apple.product-type.application";
		};
		C462240E2AA6583500D67482 /* FindYourDogTests */ = {
			isa = PBXNativeTarget;
			buildConfigurationList = C46224262AA6583500D67482 /* Build configuration list for PBXNativeTarget "FindYourDogTests" */;
			buildPhases = (
				A5FAD69FC4DD32F7FA537CE0 /* [CP] Check Pods Manifest.lock */,
				C462240B2AA6583500D67482 /* Sources */,
				C462240C2AA6583500D67482 /* Frameworks */,
				C462240D2AA6583500D67482 /* Resources */,
			);
			buildRules = (
			);
			dependencies = (
				C46224112AA6583500D67482 /* PBXTargetDependency */,
			);
			name = FindYourDogTests;
			productName = FindYourDogTests;
			productReference = C462240F2AA6583500D67482 /* FindYourDogTests.xctest */;
			productType = "com.apple.product-type.bundle.unit-test";
		};
		C46224182AA6583500D67482 /* FindYourDogUITests */ = {
			isa = PBXNativeTarget;
			buildConfigurationList = C46224292AA6583500D67482 /* Build configuration list for PBXNativeTarget "FindYourDogUITests" */;
			buildPhases = (
				8BE622E116AE39C459DD82C1 /* [CP] Check Pods Manifest.lock */,
				C46224152AA6583500D67482 /* Sources */,
				C46224162AA6583500D67482 /* Frameworks */,
				C46224172AA6583500D67482 /* Resources */,
				4198F5C64ED628DCEE8D985D /* [CP] Embed Pods Frameworks */,
			);
			buildRules = (
			);
			dependencies = (
				C462241B2AA6583500D67482 /* PBXTargetDependency */,
			);
			name = FindYourDogUITests;
			productName = FindYourDogUITests;
			productReference = C46224192AA6583500D67482 /* FindYourDogUITests.xctest */;
			productType = "com.apple.product-type.bundle.ui-testing";
		};
/* End PBXNativeTarget section */

/* Begin PBXProject section */
		C46223F72AA6583300D67482 /* Project object */ = {
			isa = PBXProject;
			attributes = {
				BuildIndependentTargetsInParallel = 1;
				LastSwiftUpdateCheck = 1430;
				LastUpgradeCheck = 1430;
				TargetAttributes = {
					C46223FE2AA6583300D67482 = {
						CreatedOnToolsVersion = 14.3.1;
					};
					C462240E2AA6583500D67482 = {
						CreatedOnToolsVersion = 14.3.1;
						TestTargetID = C46223FE2AA6583300D67482;
					};
					C46224182AA6583500D67482 = {
						CreatedOnToolsVersion = 14.3.1;
						TestTargetID = C46223FE2AA6583300D67482;
					};
				};
			};
			buildConfigurationList = C46223FA2AA6583300D67482 /* Build configuration list for PBXProject "FindYourDog" */;
			compatibilityVersion = "Xcode 14.0";
			developmentRegion = en;
			hasScannedForEncodings = 0;
			knownRegions = (
				en,
				Base,
			);
			mainGroup = C46223F62AA6583300D67482;
			productRefGroup = C46224002AA6583300D67482 /* Products */;
			projectDirPath = "";
			projectRoot = "";
			targets = (
				C46223FE2AA6583300D67482 /* FindYourDog */,
				C462240E2AA6583500D67482 /* FindYourDogTests */,
				C46224182AA6583500D67482 /* FindYourDogUITests */,
			);
		};
/* End PBXProject section */

/* Begin PBXResourcesBuildPhase section */
		C46223FD2AA6583300D67482 /* Resources */ = {
			isa = PBXResourcesBuildPhase;
			buildActionMask = 2147483647;
			files = (
				C462240A2AA6583500D67482 /* Preview Assets.xcassets in Resources */,
				C46224072AA6583500D67482 /* Assets.xcassets in Resources */,
			);
			runOnlyForDeploymentPostprocessing = 0;
		};
		C462240D2AA6583500D67482 /* Resources */ = {
			isa = PBXResourcesBuildPhase;
			buildActionMask = 2147483647;
			files = (
			);
			runOnlyForDeploymentPostprocessing = 0;
		};
		C46224172AA6583500D67482 /* Resources */ = {
			isa = PBXResourcesBuildPhase;
			buildActionMask = 2147483647;
			files = (
			);
			runOnlyForDeploymentPostprocessing = 0;
		};
/* End PBXResourcesBuildPhase section */

/* Begin PBXShellScriptBuildPhase section */
		4198F5C64ED628DCEE8D985D /* [CP] Embed Pods Frameworks */ = {
			isa = PBXShellScriptBuildPhase;
			buildActionMask = 2147483647;
			files = (
			);
			inputFileListPaths = (
				"${PODS_ROOT}/Target Support Files/Pods-FindYourDog-FindYourDogUITests/Pods-FindYourDog-FindYourDogUITests-frameworks-${CONFIGURATION}-input-files.xcfilelist",
			);
			name = "[CP] Embed Pods Frameworks";
			outputFileListPaths = (
				"${PODS_ROOT}/Target Support Files/Pods-FindYourDog-FindYourDogUITests/Pods-FindYourDog-FindYourDogUITests-frameworks-${CONFIGURATION}-output-files.xcfilelist",
			);
			runOnlyForDeploymentPostprocessing = 0;
			shellPath = /bin/sh;
			shellScript = "\"${PODS_ROOT}/Target Support Files/Pods-FindYourDog-FindYourDogUITests/Pods-FindYourDog-FindYourDogUITests-frameworks.sh\"\n";
			showEnvVarsInLog = 0;
		};
		6EBE338B4994EF10DC525178 /* [CP] Check Pods Manifest.lock */ = {
			isa = PBXShellScriptBuildPhase;
			buildActionMask = 2147483647;
			files = (
			);
			inputFileListPaths = (
			);
			inputPaths = (
				"${PODS_PODFILE_DIR_PATH}/Podfile.lock",
				"${PODS_ROOT}/Manifest.lock",
			);
			name = "[CP] Check Pods Manifest.lock";
			outputFileListPaths = (
			);
			outputPaths = (
				"$(DERIVED_FILE_DIR)/Pods-FindYourDog-checkManifestLockResult.txt",
			);
			runOnlyForDeploymentPostprocessing = 0;
			shellPath = /bin/sh;
			shellScript = "diff \"${PODS_PODFILE_DIR_PATH}/Podfile.lock\" \"${PODS_ROOT}/Manifest.lock\" > /dev/null\nif [ $? != 0 ] ; then\n    # print error to STDERR\n    echo \"error: The sandbox is not in sync with the Podfile.lock. Run 'pod install' or update your CocoaPods installation.\" >&2\n    exit 1\nfi\n# This output is used by Xcode 'outputs' to avoid re-running this script phase.\necho \"SUCCESS\" > \"${SCRIPT_OUTPUT_FILE_0}\"\n";
			showEnvVarsInLog = 0;
		};
		8BE622E116AE39C459DD82C1 /* [CP] Check Pods Manifest.lock */ = {
			isa = PBXShellScriptBuildPhase;
			buildActionMask = 2147483647;
			files = (
			);
			inputFileListPaths = (
			);
			inputPaths = (
				"${PODS_PODFILE_DIR_PATH}/Podfile.lock",
				"${PODS_ROOT}/Manifest.lock",
			);
			name = "[CP] Check Pods Manifest.lock";
			outputFileListPaths = (
			);
			outputPaths = (
				"$(DERIVED_FILE_DIR)/Pods-FindYourDog-FindYourDogUITests-checkManifestLockResult.txt",
			);
			runOnlyForDeploymentPostprocessing = 0;
			shellPath = /bin/sh;
			shellScript = "diff \"${PODS_PODFILE_DIR_PATH}/Podfile.lock\" \"${PODS_ROOT}/Manifest.lock\" > /dev/null\nif [ $? != 0 ] ; then\n    # print error to STDERR\n    echo \"error: The sandbox is not in sync with the Podfile.lock. Run 'pod install' or update your CocoaPods installation.\" >&2\n    exit 1\nfi\n# This output is used by Xcode 'outputs' to avoid re-running this script phase.\necho \"SUCCESS\" > \"${SCRIPT_OUTPUT_FILE_0}\"\n";
			showEnvVarsInLog = 0;
		};
		A5FAD69FC4DD32F7FA537CE0 /* [CP] Check Pods Manifest.lock */ = {
			isa = PBXShellScriptBuildPhase;
			buildActionMask = 2147483647;
			files = (
			);
			inputFileListPaths = (
			);
			inputPaths = (
				"${PODS_PODFILE_DIR_PATH}/Podfile.lock",
				"${PODS_ROOT}/Manifest.lock",
			);
			name = "[CP] Check Pods Manifest.lock";
			outputFileListPaths = (
			);
			outputPaths = (
				"$(DERIVED_FILE_DIR)/Pods-FindYourDogTests-checkManifestLockResult.txt",
			);
			runOnlyForDeploymentPostprocessing = 0;
			shellPath = /bin/sh;
			shellScript = "diff \"${PODS_PODFILE_DIR_PATH}/Podfile.lock\" \"${PODS_ROOT}/Manifest.lock\" > /dev/null\nif [ $? != 0 ] ; then\n    # print error to STDERR\n    echo \"error: The sandbox is not in sync with the Podfile.lock. Run 'pod install' or update your CocoaPods installation.\" >&2\n    exit 1\nfi\n# This output is used by Xcode 'outputs' to avoid re-running this script phase.\necho \"SUCCESS\" > \"${SCRIPT_OUTPUT_FILE_0}\"\n";
			showEnvVarsInLog = 0;
		};
		B2A04BC2976C4D5874D8A1B9 /* [CP] Embed Pods Frameworks */ = {
			isa = PBXShellScriptBuildPhase;
			buildActionMask = 2147483647;
			files = (
			);
			inputFileListPaths = (
				"${PODS_ROOT}/Target Support Files/Pods-FindYourDog/Pods-FindYourDog-frameworks-${CONFIGURATION}-input-files.xcfilelist",
			);
			name = "[CP] Embed Pods Frameworks";
			outputFileListPaths = (
				"${PODS_ROOT}/Target Support Files/Pods-FindYourDog/Pods-FindYourDog-frameworks-${CONFIGURATION}-output-files.xcfilelist",
			);
			runOnlyForDeploymentPostprocessing = 0;
			shellPath = /bin/sh;
			shellScript = "\"${PODS_ROOT}/Target Support Files/Pods-FindYourDog/Pods-FindYourDog-frameworks.sh\"\n";
			showEnvVarsInLog = 0;
		};
/* End PBXShellScriptBuildPhase section */

/* Begin PBXSourcesBuildPhase section */
		C46223FB2AA6583300D67482 /* Sources */ = {
			isa = PBXSourcesBuildPhase;
			buildActionMask = 2147483647;
			files = (
				C46224522AA6845000D67482 /* BreedListViewRow.swift in Sources */,
				C462242E2AA6698000D67482 /* MainView.swift in Sources */,
				C46224312AA66AB500D67482 /* API.swift in Sources */,
				C462245D2AA74D5A00D67482 /* ToggleSortButton.swift in Sources */,
				C462243B2AA66CAE00D67482 /* BreedVM.swift in Sources */,
				C46224672AA7737600D67482 /* GridViewRow.swift in Sources */,
				C46224392AA66C6200D67482 /* BreedsView.swift in Sources */,
				C46224032AA6583300D67482 /* FindYourDogApp.swift in Sources */,
				C46224452AA66EF100D67482 /* AsyncImageView.swift in Sources */,
				C462244C2AA6700600D67482 /* BreedDetailVM.swift in Sources */,
				C46224592AA7316000D67482 /* BreedListView.swift in Sources */,
				C46224632AA764E100D67482 /* SearchView.swift in Sources */,
				C462243F2AA66DE400D67482 /* LoadingView.swift in Sources */,
				C46224372AA66C3900D67482 /* BreedModel.swift in Sources */,
				C46224572AA7312000D67482 /* BreedGridView.swift in Sources */,
				C46224652AA7732B00D67482 /* GridView.swift in Sources */,
				C46224412AA66E2F00D67482 /* BreedGridViewRow.swift in Sources */,
				C46224552AA6A1E900D67482 /* ToggleButton.swift in Sources */,
				C462244E2AA6701C00D67482 /* BreedDetailView.swift in Sources */,
				C462245B2AA742F200D67482 /* BreedToggleButton.swift in Sources */,
				C462243D2AA66D8A00D67482 /* BreedPersistence.swift in Sources */,
				C46224502AA6704800D67482 /* BreedDetailRow.swift in Sources */,
				C46224432AA66E7E00D67482 /* BreedImageLoaderView.swift in Sources */,
			);
			runOnlyForDeploymentPostprocessing = 0;
		};
		C462240B2AA6583500D67482 /* Sources */ = {
			isa = PBXSourcesBuildPhase;
			buildActionMask = 2147483647;
			files = (
				C46224532AA68ACA00D67482 /* BreedsView.swift in Sources */,
				C46224142AA6583500D67482 /* FindYourDogTests.swift in Sources */,
			);
			runOnlyForDeploymentPostprocessing = 0;
		};
		C46224152AA6583500D67482 /* Sources */ = {
			isa = PBXSourcesBuildPhase;
			buildActionMask = 2147483647;
			files = (
				C462241E2AA6583500D67482 /* FindYourDogUITests.swift in Sources */,
				C46224202AA6583500D67482 /* FindYourDogUITestsLaunchTests.swift in Sources */,
			);
			runOnlyForDeploymentPostprocessing = 0;
		};
/* End PBXSourcesBuildPhase section */

/* Begin PBXTargetDependency section */
		C46224112AA6583500D67482 /* PBXTargetDependency */ = {
			isa = PBXTargetDependency;
			target = C46223FE2AA6583300D67482 /* FindYourDog */;
			targetProxy = C46224102AA6583500D67482 /* PBXContainerItemProxy */;
		};
		C462241B2AA6583500D67482 /* PBXTargetDependency */ = {
			isa = PBXTargetDependency;
			target = C46223FE2AA6583300D67482 /* FindYourDog */;
			targetProxy = C462241A2AA6583500D67482 /* PBXContainerItemProxy */;
		};
/* End PBXTargetDependency section */

/* Begin XCBuildConfiguration section */
		C46224212AA6583500D67482 /* Debug */ = {
			isa = XCBuildConfiguration;
			buildSettings = {
				ALWAYS_SEARCH_USER_PATHS = NO;
				CLANG_ANALYZER_NONNULL = YES;
				CLANG_ANALYZER_NUMBER_OBJECT_CONVERSION = YES_AGGRESSIVE;
				CLANG_CXX_LANGUAGE_STANDARD = "gnu++20";
				CLANG_ENABLE_MODULES = YES;
				CLANG_ENABLE_OBJC_ARC = YES;
				CLANG_ENABLE_OBJC_WEAK = YES;
				CLANG_WARN_BLOCK_CAPTURE_AUTORELEASING = YES;
				CLANG_WARN_BOOL_CONVERSION = YES;
				CLANG_WARN_COMMA = YES;
				CLANG_WARN_CONSTANT_CONVERSION = YES;
				CLANG_WARN_DEPRECATED_OBJC_IMPLEMENTATIONS = YES;
				CLANG_WARN_DIRECT_OBJC_ISA_USAGE = YES_ERROR;
				CLANG_WARN_DOCUMENTATION_COMMENTS = YES;
				CLANG_WARN_EMPTY_BODY = YES;
				CLANG_WARN_ENUM_CONVERSION = YES;
				CLANG_WARN_INFINITE_RECURSION = YES;
				CLANG_WARN_INT_CONVERSION = YES;
				CLANG_WARN_NON_LITERAL_NULL_CONVERSION = YES;
				CLANG_WARN_OBJC_IMPLICIT_RETAIN_SELF = YES;
				CLANG_WARN_OBJC_LITERAL_CONVERSION = YES;
				CLANG_WARN_OBJC_ROOT_CLASS = YES_ERROR;
				CLANG_WARN_QUOTED_INCLUDE_IN_FRAMEWORK_HEADER = YES;
				CLANG_WARN_RANGE_LOOP_ANALYSIS = YES;
				CLANG_WARN_STRICT_PROTOTYPES = YES;
				CLANG_WARN_SUSPICIOUS_MOVE = YES;
				CLANG_WARN_UNGUARDED_AVAILABILITY = YES_AGGRESSIVE;
				CLANG_WARN_UNREACHABLE_CODE = YES;
				CLANG_WARN__DUPLICATE_METHOD_MATCH = YES;
				COPY_PHASE_STRIP = NO;
				DEBUG_INFORMATION_FORMAT = dwarf;
				ENABLE_STRICT_OBJC_MSGSEND = YES;
				ENABLE_TESTABILITY = YES;
				GCC_C_LANGUAGE_STANDARD = gnu11;
				GCC_DYNAMIC_NO_PIC = NO;
				GCC_NO_COMMON_BLOCKS = YES;
				GCC_OPTIMIZATION_LEVEL = 0;
				GCC_PREPROCESSOR_DEFINITIONS = (
					"DEBUG=1",
					"$(inherited)",
				);
				GCC_WARN_64_TO_32_BIT_CONVERSION = YES;
				GCC_WARN_ABOUT_RETURN_TYPE = YES_ERROR;
				GCC_WARN_UNDECLARED_SELECTOR = YES;
				GCC_WARN_UNINITIALIZED_AUTOS = YES_AGGRESSIVE;
				GCC_WARN_UNUSED_FUNCTION = YES;
				GCC_WARN_UNUSED_VARIABLE = YES;
				IPHONEOS_DEPLOYMENT_TARGET = 15.0;
				MTL_ENABLE_DEBUG_INFO = INCLUDE_SOURCE;
				MTL_FAST_MATH = YES;
				ONLY_ACTIVE_ARCH = YES;
				SDKROOT = iphoneos;
				SWIFT_ACTIVE_COMPILATION_CONDITIONS = DEBUG;
				SWIFT_OPTIMIZATION_LEVEL = "-Onone";
			};
			name = Debug;
		};
		C46224222AA6583500D67482 /* Release */ = {
			isa = XCBuildConfiguration;
			buildSettings = {
				ALWAYS_SEARCH_USER_PATHS = NO;
				CLANG_ANALYZER_NONNULL = YES;
				CLANG_ANALYZER_NUMBER_OBJECT_CONVERSION = YES_AGGRESSIVE;
				CLANG_CXX_LANGUAGE_STANDARD = "gnu++20";
				CLANG_ENABLE_MODULES = YES;
				CLANG_ENABLE_OBJC_ARC = YES;
				CLANG_ENABLE_OBJC_WEAK = YES;
				CLANG_WARN_BLOCK_CAPTURE_AUTORELEASING = YES;
				CLANG_WARN_BOOL_CONVERSION = YES;
				CLANG_WARN_COMMA = YES;
				CLANG_WARN_CONSTANT_CONVERSION = YES;
				CLANG_WARN_DEPRECATED_OBJC_IMPLEMENTATIONS = YES;
				CLANG_WARN_DIRECT_OBJC_ISA_USAGE = YES_ERROR;
				CLANG_WARN_DOCUMENTATION_COMMENTS = YES;
				CLANG_WARN_EMPTY_BODY = YES;
				CLANG_WARN_ENUM_CONVERSION = YES;
				CLANG_WARN_INFINITE_RECURSION = YES;
				CLANG_WARN_INT_CONVERSION = YES;
				CLANG_WARN_NON_LITERAL_NULL_CONVERSION = YES;
				CLANG_WARN_OBJC_IMPLICIT_RETAIN_SELF = YES;
				CLANG_WARN_OBJC_LITERAL_CONVERSION = YES;
				CLANG_WARN_OBJC_ROOT_CLASS = YES_ERROR;
				CLANG_WARN_QUOTED_INCLUDE_IN_FRAMEWORK_HEADER = YES;
				CLANG_WARN_RANGE_LOOP_ANALYSIS = YES;
				CLANG_WARN_STRICT_PROTOTYPES = YES;
				CLANG_WARN_SUSPICIOUS_MOVE = YES;
				CLANG_WARN_UNGUARDED_AVAILABILITY = YES_AGGRESSIVE;
				CLANG_WARN_UNREACHABLE_CODE = YES;
				CLANG_WARN__DUPLICATE_METHOD_MATCH = YES;
				COPY_PHASE_STRIP = NO;
				DEBUG_INFORMATION_FORMAT = "dwarf-with-dsym";
				ENABLE_NS_ASSERTIONS = NO;
				ENABLE_STRICT_OBJC_MSGSEND = YES;
				GCC_C_LANGUAGE_STANDARD = gnu11;
				GCC_NO_COMMON_BLOCKS = YES;
				GCC_WARN_64_TO_32_BIT_CONVERSION = YES;
				GCC_WARN_ABOUT_RETURN_TYPE = YES_ERROR;
				GCC_WARN_UNDECLARED_SELECTOR = YES;
				GCC_WARN_UNINITIALIZED_AUTOS = YES_AGGRESSIVE;
				GCC_WARN_UNUSED_FUNCTION = YES;
				GCC_WARN_UNUSED_VARIABLE = YES;
				IPHONEOS_DEPLOYMENT_TARGET = 15.0;
				MTL_ENABLE_DEBUG_INFO = NO;
				MTL_FAST_MATH = YES;
				SDKROOT = iphoneos;
				SWIFT_COMPILATION_MODE = wholemodule;
				SWIFT_OPTIMIZATION_LEVEL = "-O";
				VALIDATE_PRODUCT = YES;
			};
			name = Release;
		};
		C46224242AA6583500D67482 /* Debug */ = {
			isa = XCBuildConfiguration;
			baseConfigurationReference = 09BC8D406908D8DFDADA156D /* Pods-FindYourDog.debug.xcconfig */;
			buildSettings = {
				ASSETCATALOG_COMPILER_APPICON_NAME = AppIcon;
				ASSETCATALOG_COMPILER_GLOBAL_ACCENT_COLOR_NAME = AccentColor;
				CODE_SIGN_STYLE = Automatic;
				CURRENT_PROJECT_VERSION = 1;
				DEVELOPMENT_ASSET_PATHS = "\"FindYourDog/Preview Content\"";
				DEVELOPMENT_TEAM = S748LY9WA5;
				ENABLE_PREVIEWS = YES;
				GENERATE_INFOPLIST_FILE = YES;
				INFOPLIST_KEY_UIApplicationSceneManifest_Generation = YES;
				INFOPLIST_KEY_UIApplicationSupportsIndirectInputEvents = YES;
				INFOPLIST_KEY_UILaunchScreen_Generation = YES;
				INFOPLIST_KEY_UISupportedInterfaceOrientations_iPad = "UIInterfaceOrientationPortrait UIInterfaceOrientationPortraitUpsideDown UIInterfaceOrientationLandscapeLeft UIInterfaceOrientationLandscapeRight";
				INFOPLIST_KEY_UISupportedInterfaceOrientations_iPhone = "UIInterfaceOrientationPortrait UIInterfaceOrientationLandscapeLeft UIInterfaceOrientationLandscapeRight";
				IPHONEOS_DEPLOYMENT_TARGET = 15.0;
				LD_RUNPATH_SEARCH_PATHS = (
					"$(inherited)",
					"@executable_path/Frameworks",
				);
				MARKETING_VERSION = 1.0;
				PRODUCT_BUNDLE_IDENTIFIER = org.v0t.FindYourDog;
				PRODUCT_NAME = "$(TARGET_NAME)";
				SWIFT_EMIT_LOC_STRINGS = YES;
				SWIFT_VERSION = 5.0;
				TARGETED_DEVICE_FAMILY = "1,2";
			};
			name = Debug;
		};
		C46224252AA6583500D67482 /* Release */ = {
			isa = XCBuildConfiguration;
			baseConfigurationReference = 17F4BC17C45144CF60D2A2A9 /* Pods-FindYourDog.release.xcconfig */;
			buildSettings = {
				ASSETCATALOG_COMPILER_APPICON_NAME = AppIcon;
				ASSETCATALOG_COMPILER_GLOBAL_ACCENT_COLOR_NAME = AccentColor;
				CODE_SIGN_STYLE = Automatic;
				CURRENT_PROJECT_VERSION = 1;
				DEVELOPMENT_ASSET_PATHS = "\"FindYourDog/Preview Content\"";
				DEVELOPMENT_TEAM = S748LY9WA5;
				ENABLE_PREVIEWS = YES;
				GENERATE_INFOPLIST_FILE = YES;
				INFOPLIST_KEY_UIApplicationSceneManifest_Generation = YES;
				INFOPLIST_KEY_UIApplicationSupportsIndirectInputEvents = YES;
				INFOPLIST_KEY_UILaunchScreen_Generation = YES;
				INFOPLIST_KEY_UISupportedInterfaceOrientations_iPad = "UIInterfaceOrientationPortrait UIInterfaceOrientationPortraitUpsideDown UIInterfaceOrientationLandscapeLeft UIInterfaceOrientationLandscapeRight";
				INFOPLIST_KEY_UISupportedInterfaceOrientations_iPhone = "UIInterfaceOrientationPortrait UIInterfaceOrientationLandscapeLeft UIInterfaceOrientationLandscapeRight";
				IPHONEOS_DEPLOYMENT_TARGET = 15.0;
				LD_RUNPATH_SEARCH_PATHS = (
					"$(inherited)",
					"@executable_path/Frameworks",
				);
				MARKETING_VERSION = 1.0;
				PRODUCT_BUNDLE_IDENTIFIER = org.v0t.FindYourDog;
				PRODUCT_NAME = "$(TARGET_NAME)";
				SWIFT_EMIT_LOC_STRINGS = YES;
				SWIFT_VERSION = 5.0;
				TARGETED_DEVICE_FAMILY = "1,2";
			};
			name = Release;
		};
		C46224272AA6583500D67482 /* Debug */ = {
			isa = XCBuildConfiguration;
			baseConfigurationReference = 9661621BC2577C472DB9891F /* Pods-FindYourDogTests.debug.xcconfig */;
			buildSettings = {
				ALWAYS_EMBED_SWIFT_STANDARD_LIBRARIES = YES;
				BUNDLE_LOADER = "$(TEST_HOST)";
				CODE_SIGN_STYLE = Automatic;
				CURRENT_PROJECT_VERSION = 1;
				DEVELOPMENT_TEAM = S748LY9WA5;
				GENERATE_INFOPLIST_FILE = YES;
				IPHONEOS_DEPLOYMENT_TARGET = 15.0;
				MARKETING_VERSION = 1.0;
				PRODUCT_BUNDLE_IDENTIFIER = org.v0t.FindYourDogTests;
				PRODUCT_NAME = "$(TARGET_NAME)";
				SWIFT_EMIT_LOC_STRINGS = NO;
				SWIFT_VERSION = 5.0;
				TARGETED_DEVICE_FAMILY = "1,2";
				TEST_HOST = "$(BUILT_PRODUCTS_DIR)/FindYourDog.app/$(BUNDLE_EXECUTABLE_FOLDER_PATH)/FindYourDog";
			};
			name = Debug;
		};
		C46224282AA6583500D67482 /* Release */ = {
			isa = XCBuildConfiguration;
			baseConfigurationReference = 721709F54B7AA5DB5D3A49FB /* Pods-FindYourDogTests.release.xcconfig */;
			buildSettings = {
				ALWAYS_EMBED_SWIFT_STANDARD_LIBRARIES = YES;
				BUNDLE_LOADER = "$(TEST_HOST)";
				CODE_SIGN_STYLE = Automatic;
				CURRENT_PROJECT_VERSION = 1;
				DEVELOPMENT_TEAM = S748LY9WA5;
				GENERATE_INFOPLIST_FILE = YES;
				IPHONEOS_DEPLOYMENT_TARGET = 15.0;
				MARKETING_VERSION = 1.0;
				PRODUCT_BUNDLE_IDENTIFIER = org.v0t.FindYourDogTests;
				PRODUCT_NAME = "$(TARGET_NAME)";
				SWIFT_EMIT_LOC_STRINGS = NO;
				SWIFT_VERSION = 5.0;
				TARGETED_DEVICE_FAMILY = "1,2";
				TEST_HOST = "$(BUILT_PRODUCTS_DIR)/FindYourDog.app/$(BUNDLE_EXECUTABLE_FOLDER_PATH)/FindYourDog";
			};
			name = Release;
		};
		C462242A2AA6583500D67482 /* Debug */ = {
			isa = XCBuildConfiguration;
			baseConfigurationReference = 05629944FBA445E13D1A054C /* Pods-FindYourDog-FindYourDogUITests.debug.xcconfig */;
			buildSettings = {
				ALWAYS_EMBED_SWIFT_STANDARD_LIBRARIES = YES;
				CODE_SIGN_STYLE = Automatic;
				CURRENT_PROJECT_VERSION = 1;
				DEVELOPMENT_TEAM = S748LY9WA5;
				GENERATE_INFOPLIST_FILE = YES;
				MARKETING_VERSION = 1.0;
				PRODUCT_BUNDLE_IDENTIFIER = org.v0t.FindYourDogUITests;
				PRODUCT_NAME = "$(TARGET_NAME)";
				SWIFT_EMIT_LOC_STRINGS = NO;
				SWIFT_VERSION = 5.0;
				TARGETED_DEVICE_FAMILY = "1,2";
				TEST_TARGET_NAME = FindYourDog;
			};
			name = Debug;
		};
		C462242B2AA6583500D67482 /* Release */ = {
			isa = XCBuildConfiguration;
			baseConfigurationReference = 12C4E1BA4095B83A64AE2B47 /* Pods-FindYourDog-FindYourDogUITests.release.xcconfig */;
			buildSettings = {
				ALWAYS_EMBED_SWIFT_STANDARD_LIBRARIES = YES;
				CODE_SIGN_STYLE = Automatic;
				CURRENT_PROJECT_VERSION = 1;
				DEVELOPMENT_TEAM = S748LY9WA5;
				GENERATE_INFOPLIST_FILE = YES;
				MARKETING_VERSION = 1.0;
				PRODUCT_BUNDLE_IDENTIFIER = org.v0t.FindYourDogUITests;
				PRODUCT_NAME = "$(TARGET_NAME)";
				SWIFT_EMIT_LOC_STRINGS = NO;
				SWIFT_VERSION = 5.0;
				TARGETED_DEVICE_FAMILY = "1,2";
				TEST_TARGET_NAME = FindYourDog;
			};
			name = Release;
		};
/* End XCBuildConfiguration section */

/* Begin XCConfigurationList section */
		C46223FA2AA6583300D67482 /* Build configuration list for PBXProject "FindYourDog" */ = {
			isa = XCConfigurationList;
			buildConfigurations = (
				C46224212AA6583500D67482 /* Debug */,
				C46224222AA6583500D67482 /* Release */,
			);
			defaultConfigurationIsVisible = 0;
			defaultConfigurationName = Release;
		};
		C46224232AA6583500D67482 /* Build configuration list for PBXNativeTarget "FindYourDog" */ = {
			isa = XCConfigurationList;
			buildConfigurations = (
				C46224242AA6583500D67482 /* Debug */,
				C46224252AA6583500D67482 /* Release */,
			);
			defaultConfigurationIsVisible = 0;
			defaultConfigurationName = Release;
		};
		C46224262AA6583500D67482 /* Build configuration list for PBXNativeTarget "FindYourDogTests" */ = {
			isa = XCConfigurationList;
			buildConfigurations = (
				C46224272AA6583500D67482 /* Debug */,
				C46224282AA6583500D67482 /* Release */,
			);
			defaultConfigurationIsVisible = 0;
			defaultConfigurationName = Release;
		};
		C46224292AA6583500D67482 /* Build configuration list for PBXNativeTarget "FindYourDogUITests" */ = {
			isa = XCConfigurationList;
			buildConfigurations = (
				C462242A2AA6583500D67482 /* Debug */,
				C462242B2AA6583500D67482 /* Release */,
			);
			defaultConfigurationIsVisible = 0;
			defaultConfigurationName = Release;
		};
/* End XCConfigurationList section */
	};
	rootObject = C46223F72AA6583300D67482 /* Project object */;
}
